# THIS IS AN AUTOGENERATED FILE. DO NOT EDIT THIS FILE DIRECTLY.
# yarn lockfile v1


bower@^1.8.8:
  version "1.8.8"
  resolved "https://registry.yarnpkg.com/bower/-/bower-1.8.8.tgz#82544be34a33aeae7efb8bdf9905247b2cffa985"
  integrity sha512-1SrJnXnkP9soITHptSO+ahx3QKp3cVzn8poI6ujqc5SeOkg5iqM1pK9H+DSc2OQ8SnO0jC/NG4Ur/UIwy7574A==

prettier@^2.0.5:
  version "2.0.5"
  resolved "https://registry.yarnpkg.com/prettier/-/prettier-2.0.5.tgz#d6d56282455243f2f92cc1716692c08aa31522d4"
  integrity sha512-7PtVymN48hGcO4fGjybyBSIWDsLU4H4XlvOHfq91pz9kkGlonzwTfYkaIEwiRg/dAJF9YlbsduBAgtYLi+8cFg==

purty@^6.2.0:
  version "6.2.0"
  resolved "https://registry.yarnpkg.com/purty/-/purty-6.2.0.tgz#e3556b9bff8482f05a374e2f8d91328e3b68baac"
  integrity sha512-JfT8kJHSyxuOFQtRiH2x55SiPxXZsSdedQlZap8JehQ7KzB49B5C9cWwVybtSB36BdADQcxPvtw8D52z4EPnBw==
